
Microsoft Visual Studio Solution File, Format Version 12.00
# Visual Studio Version 17
VisualStudioVersion = 17.2.32802.462
MinimumVisualStudioVersion = 10.0.40219.1
Project("{FAE04EC0-301F-11D3-BF4B-00C04F79EFBC}") = "ConsoleChess", "ConsoleChess\ConsoleChess.csproj", "{45313B4B-5CDC-4FEC-9E60-60E61D691190}"
EndProject
Global
	GlobalSection(SolutionConfigurationPlatforms) = preSolution
		Debug|Any CPU = Debug|Any CPU
		Release|Any CPU = Release|Any CPU
	EndGlobalSection
	GlobalSection(ProjectConfigurationPlatforms) = postSolution
		{45313B4B-5CDC-4FEC-9E60-60E61D691190}.Debug|Any CPU.ActiveCfg = Debug|Any CPU
		{45313B4B-5CDC-4FEC-9E60-60E61D691190}.Debug|Any CPU.Build.0 = Debug|Any CPU
		{45313B4B-5CDC-4FEC-9E60-60E61D691190}.Release|Any CPU.ActiveCfg = Release|Any CPU
		{45313B4B-5CDC-4FEC-9E60-60E61D691190}.Release|Any CPU.Build.0 = Release|Any CPU
	EndGlobalSection
	GlobalSection(SolutionProperties) = preSolution
		HideSolutionNode = FALSE
	EndGlobalSection
	GlobalSection(ExtensibilityGlobals) = postSolution
		SolutionGuid = {D0616B6E-1C8A-41DC-953A-3069DF30398B}
	EndGlobalSection
EndGlobal
